Microsoft Visual Studio Solution File, Format Version 9.00
# Visual Studio 2005
Project("{FAE04EC0-301F-11D3-BF4B-00C04F79EFBC}") = "DXExample.Module", "DXExample.Module\DXExample.Module.csproj", "{293D046D-A410-4E6A-88A9-5DDB9F02E2DD}"
EndProject
Project("{FAE04EC0-301F-11D3-BF4B-00C04F79EFBC}") = "DXExample.Module.Web", "DXExample.Module.Web\DXExample.Module.Web.csproj", "{9D8AB6D5-4A50-4BBC-87BA-B0D1038BEA66}"
EndProject
Project("{00000000-0000-0000-0000-000000000000}") = "DXExample.Web", "DXExample.Web\DXExample.Web.csproj", "{FA4E887B-E2AE-417E-8D58-5B1769CAB2D7}"
EndProject
Project("{FAE04EC0-301F-11D3-BF4B-00C04F79EFBC}") = "DXExample.Module.Win", "DXExample.Module.Win\DXExample.Module.Win.csproj", "{AC0AA127-272D-4E01-AA86-575BD8292BDB}"
EndProject
Project("{FAE04EC0-301F-11D3-BF4B-00C04F79EFBC}") = "DXExample.Win", "DXExample.Win\DXExample.Win.csproj", "{D7B67D06-EF9A-4A69-BFC3-7883BAC3DDB1}"
EndProject
Global
	GlobalSection(SolutionConfigurationPlatforms) = preSolution
		Debug|Any CPU = Debug|Any CPU
		Release|Any CPU = Release|Any CPU
	EndGlobalSection
	GlobalSection(ProjectConfigurationPlatforms) = postSolution
		{293D046D-A410-4E6A-88A9-5DDB9F02E2DD}.Debug|Any CPU.ActiveCfg = Debug|Any CPU
		{293D046D-A410-4E6A-88A9-5DDB9F02E2DD}.Debug|Any CPU.Build.0 = Debug|Any CPU
		{293D046D-A410-4E6A-88A9-5DDB9F02E2DD}.Release|Any CPU.ActiveCfg = Release|Any CPU
		{293D046D-A410-4E6A-88A9-5DDB9F02E2DD}.Release|Any CPU.Build.0 = Release|Any CPU
		{9D8AB6D5-4A50-4BBC-87BA-B0D1038BEA66}.Debug|Any CPU.ActiveCfg = Debug|Any CPU
		{9D8AB6D5-4A50-4BBC-87BA-B0D1038BEA66}.Debug|Any CPU.Build.0 = Debug|Any CPU
		{9D8AB6D5-4A50-4BBC-87BA-B0D1038BEA66}.Release|Any CPU.ActiveCfg = Release|Any CPU
		{9D8AB6D5-4A50-4BBC-87BA-B0D1038BEA66}.Release|Any CPU.Build.0 = Release|Any CPU
		{FA4E887B-E2AE-417E-8D58-5B1769CAB2D7}.Debug|Any CPU.ActiveCfg = Debug|Any CPU
		{FA4E887B-E2AE-417E-8D58-5B1769CAB2D7}.Debug|Any CPU.Build.0 = Debug|Any CPU
		{FA4E887B-E2AE-417E-8D58-5B1769CAB2D7}.Release|Any CPU.ActiveCfg = Release|Any CPU
		{FA4E887B-E2AE-417E-8D58-5B1769CAB2D7}.Release|Any CPU.Build.0 = Release|Any CPU
		{AC0AA127-272D-4E01-AA86-575BD8292BDB}.Debug|Any CPU.ActiveCfg = Debug|Any CPU
		{AC0AA127-272D-4E01-AA86-575BD8292BDB}.Debug|Any CPU.Build.0 = Debug|Any CPU
		{AC0AA127-272D-4E01-AA86-575BD8292BDB}.Release|Any CPU.ActiveCfg = Release|Any CPU
		{AC0AA127-272D-4E01-AA86-575BD8292BDB}.Release|Any CPU.Build.0 = Release|Any CPU
		{D7B67D06-EF9A-4A69-BFC3-7883BAC3DDB1}.Debug|Any CPU.ActiveCfg = Debug|Any CPU
		{D7B67D06-EF9A-4A69-BFC3-7883BAC3DDB1}.Debug|Any CPU.Build.0 = Debug|Any CPU
		{D7B67D06-EF9A-4A69-BFC3-7883BAC3DDB1}.Release|Any CPU.ActiveCfg = Release|Any CPU
		{D7B67D06-EF9A-4A69-BFC3-7883BAC3DDB1}.Release|Any CPU.Build.0 = Release|Any CPU
	EndGlobalSection
	GlobalSection(SolutionProperties) = preSolution
		HideSolutionNode = FALSE
	EndGlobalSection
EndGlobal
